
Microsoft Visual Studio Solution File, Format Version 12.00
# Visual Studio Version 17
VisualStudioVersion = 17.7.34221.43
MinimumVisualStudioVersion = 10.0.40219.1
Project("{FAE04EC0-301F-11D3-BF4B-00C04F79EFBC}") = "DownloadImages", "DownloadImages\DownloadImages.csproj", "{7515A475-E074-4EE1-8E9C-7D15B4A2D5D1}"
EndProject
Global
	GlobalSection(SolutionConfigurationPlatforms) = preSolution
		Debug|Any CPU = Debug|Any CPU
		Release|Any CPU = Release|Any CPU
	EndGlobalSection
	GlobalSection(ProjectConfigurationPlatforms) = postSolution
		{7515A475-E074-4EE1-8E9C-7D15B4A2D5D1}.Debug|Any CPU.ActiveCfg = Debug|Any CPU
		{7515A475-E074-4EE1-8E9C-7D15B4A2D5D1}.Debug|Any CPU.Build.0 = Debug|Any CPU
		{7515A475-E074-4EE1-8E9C-7D15B4A2D5D1}.Release|Any CPU.ActiveCfg = Release|Any CPU
		{7515A475-E074-4EE1-8E9C-7D15B4A2D5D1}.Release|Any CPU.Build.0 = Release|Any CPU
	EndGlobalSection
	GlobalSection(SolutionProperties) = preSolution
		HideSolutionNode = FALSE
	EndGlobalSection
	GlobalSection(ExtensibilityGlobals) = postSolution
		SolutionGuid = {10247CC0-6A71-40CB-96B7-184D6137DFCF}
	EndGlobalSection
EndGlobal
